// !$*UTF8*$!
{
	archiveVersion = 1;
	classes = {
	};
	objectVersion = 46;
	objects = {

/* Begin PBXBuildFile section */
		91DE84521CCD8619000C6032 /* AppDelegate.swift in Sources */ = {isa = PBXBuildFile; fileRef = 91DE84511CCD8619000C6032 /* AppDelegate.swift */; };
		91DE84541CCD8619000C6032 /* ViewController.swift in Sources */ = {isa = PBXBuildFile; fileRef = 91DE84531CCD8619000C6032 /* ViewController.swift */; };
		91DE84571CCD8619000C6032 /* Main.storyboard in Resources */ = {isa = PBXBuildFile; fileRef = 91DE84551CCD8619000C6032 /* Main.storyboard */; };
		91DE84591CCD8619000C6032 /* Assets.xcassets in Resources */ = {isa = PBXBuildFile; fileRef = 91DE84581CCD8619000C6032 /* Assets.xcassets */; };
		91DE845C1CCD8619000C6032 /* LaunchScreen.storyboard in Resources */ = {isa = PBXBuildFile; fileRef = 91DE845A1CCD8619000C6032 /* LaunchScreen.storyboard */; };
		91DE84641CCD8A57000C6032 /* BlackViewController.swift in Sources */ = {isa = PBXBuildFile; fileRef = 91DE84631CCD8A57000C6032 /* BlackViewController.swift */; };
/* End PBXBuildFile section */

/* Begin PBXFileReference section */
		91DE844E1CCD8619000C6032 /* Segues.app */ = {isa = PBXFileReference; explicitFileType = wrapper.application; includeInIndex = 0; path = Segues.app; sourceTree = BUILT_PRODUCTS_DIR; };
		91DE84511CCD8619000C6032 /* AppDelegate.swift */ = {isa = PBXFileReference; lastKnownFileType = sourcecode.swift; path = AppDelegate.swift; sourceTree = "<group>"; };
		91DE84531CCD8619000C6032 /* ViewController.swift */ = {isa = PBXFileReference; lastKnownFileType = sourcecode.swift; path = ViewController.swift; sourceTree = "<group>"; };
		91DE84561CCD8619000C6032 /* Base */ = {isa = PBXFileReference; lastKnownFileType = file.storyboard; name = Base; path = Base.lproj/Main.storyboard; sourceTree = "<group>"; };
		91DE84581CCD8619000C6032 /* Assets.xcassets */ = {isa = PBXFileReference; lastKnownFileType = folder.assetcatalog; path = Assets.xcassets; sourceTree = "<group>"; };
		91DE845B1CCD8619000C6032 /* Base */ = {isa = PBXFileReference; lastKnownFileType = file.storyboard; name = Base; path = Base.lproj/LaunchScreen.storyboard; sourceTree = "<group>"; };
		91DE845D1CCD8619000C6032 /* Info.plist */ = {isa = PBXFileReference; lastKnownFileType = text.plist.xml; path = Info.plist; sourceTree = "<group>"; };
		91DE84631CCD8A57000C6032 /* BlackViewController.swift */ = {isa = PBXFileReference; fileEncoding = 4; lastKnownFileType = sourcecode.swift; path = BlackViewController.swift; sourceTree = "<group>"; };
/* End PBXFileReference section */

/* Begin PBXFrameworksBuildPhase section */
		91DE844B1CCD8619000C6032 /* Frameworks */ = {
			isa = PBXFrameworksBuildPhase;
			buildActionMask = 2147483647;
			files = (
			);
			runOnlyForDeploymentPostprocessing = 0;
		};
/* End PBXFrameworksBuildPhase section */

/* Begin PBXGroup section */
		91DE84451CCD8619000C6032 = {
			isa = PBXGroup;
			children = (
				91DE84501CCD8619000C6032 /* Segues */,
				91DE844F1CCD8619000C6032 /* Products */,
			);
			sourceTree = "<group>";
		};
		91DE844F1CCD8619000C6032 /* Products */ = {
			isa = PBXGroup;
			children = (
				91DE844E1CCD8619000C6032 /* Segues.app */,
			);
			name = Products;
			sourceTree = "<group>";
		};
		91DE84501CCD8619000C6032 /* Segues */ = {
			isa = PBXGroup;
			children = (
				91DE84511CCD8619000C6032 /* AppDelegate.swift */,
				91DE84531CCD8619000C6032 /* ViewController.swift */,
				91DE84551CCD8619000C6032 /* Main.storyboard */,
				91DE84581CCD8619000C6032 /* Assets.xcassets */,
				91DE845A1CCD8619000C6032 /* LaunchScreen.storyboard */,
				91DE845D1CCD8619000C6032 /* Info.plist */,
				91DE84631CCD8A57000C6032 /* BlackViewController.swift */,
			);
			path = Segues;
			sourceTree = "<group>";
		};
/* End PBXGroup section */

/* Begin PBXNativeTarget section */
		91DE844D1CCD8619000C6032 /* Segues */ = {
			isa = PBXNativeTarget;
			buildConfigurationList = 91DE84601CCD8619000C6032 /* Build configuration list for PBXNativeTarget "Segues" */;
			buildPhases = (
				91DE844A1CCD8619000C6032 /* Sources */,
				91DE844B1CCD8619000C6032 /* Frameworks */,
				91DE844C1CCD8619000C6032 /* Resources */,
			);
			buildRules = (
			);
			dependencies = (
			);
			name = Segues;
			productName = Segues;
			productReference = 91DE844E1CCD8619000C6032 /* Segues.app */;
			productType = "com.apple.product-type.application";
		};
/* End PBXNativeTarget section */

/* Begin PBXProject section */
		91DE84461CCD8619000C6032 /* Project object */ = {
			isa = PBXProject;
			attributes = {
				LastSwiftUpdateCheck = 0730;
				LastUpgradeCheck = 0730;
				ORGANIZATIONNAME = Awsome;
				TargetAttributes = {
					91DE844D1CCD8619000C6032 = {
						CreatedOnToolsVersion = 7.3;
						DevelopmentTeam = PW5CGBBSUC;
					};
				};
			};
			buildConfigurationList = 91DE84491CCD8619000C6032 /* Build configuration list for PBXProject "Segues" */;
			compatibilityVersion = "Xcode 3.2";
			developmentRegion = English;
			hasScannedForEncodings = 0;
			knownRegions = (
				en,
				Base,
			);
			mainGroup = 91DE84451CCD8619000C6032;
			productRefGroup = 91DE844F1CCD8619000C6032 /* Products */;
			projectDirPath = "";
			projectRoot = "";
			targets = (
				91DE844D1CCD8619000C6032 /* Segues */,
			);
		};
/* End PBXProject section */

/* Begin PBXResourcesBuildPhase section */
		91DE844C1CCD8619000C6032 /* Resources */ = {
			isa = PBXResourcesBuildPhase;
			buildActionMask = 2147483647;
			files = (
				91DE845C1CCD8619000C6032 /* LaunchScreen.storyboard in Resources */,
				91DE84591CCD8619000C6032 /* Assets.xcassets in Resources */,
				91DE84571CCD8619000C6032 /* Main.storyboard in Resources */,
			);
			runOnlyForDeploymentPostprocessing = 0;
		};
/* End PBXResourcesBuildPhase section */

/* Begin PBXSourcesBuildPhase section */
		91DE844A1CCD8619000C6032 /* Sources */ = {
			isa = PBXSourcesBuildPhase;
			buildActionMask = 2147483647;
			files = (
				91DE84541CCD8619000C6032 /* ViewController.swift in Sources */,
				91DE84521CCD8619000C6032 /* AppDelegate.swift in Sources */,
				91DE84641CCD8A57000C6032 /* BlackViewController.swift in Sources */,
			);
			runOnlyForDeploymentPostprocessing = 0;
		};
/* End PBXSourcesBuildPhase section */

/* Begin PBXVariantGroup section */
		91DE84551CCD8619000C6032 /* Main.storyboard */ = {
			isa = PBXVariantGroup;
			children = (
				91DE84561CCD8619000C6032 /* Base */,
			);
			name = Main.storyboard;
			sourceTree = "<group>";
		};
		91DE845A1CCD8619000C6032 /* LaunchScreen.storyboard */ = {
			isa = PBXVariantGroup;
			children = (
				91DE845B1CCD8619000C6032 /* Base */,
			);
			name = LaunchScreen.storyboard;
			sourceTree = "<group>";
		};
/* End PBXVariantGroup section */

/* Begin XCBuildConfiguration section */
		91DE845E1CCD8619000C6032 /* Debug */ = {
			isa = XCBuildConfiguration;
			buildSettings = {
				ALWAYS_SEARCH_USER_PATHS = NO;
				CLANG_ANALYZER_NONNULL = YES;
				CLANG_CXX_LANGUAGE_STANDARD = "gnu++0x";
				CLANG_CXX_LIBRARY = "libc++";
				CLANG_ENABLE_MODULES = YES;
				CLANG_ENABLE_OBJC_ARC = YES;
				CLANG_WARN_BOOL_CONVERSION = YES;
				CLANG_WARN_CONSTANT_CONVERSION = YES;
				CLANG_WARN_DIRECT_OBJC_ISA_USAGE = YES_ERROR;
				CLANG_WARN_EMPTY_BODY = YES;
				CLANG_WARN_ENUM_CONVERSION = YES;
				CLANG_WARN_INT_CONVERSION = YES;
				CLANG_WARN_OBJC_ROOT_CLASS = YES_ERROR;
				CLANG_WARN_UNREACHABLE_CODE = YES;
				CLANG_WARN__DUPLICATE_METHOD_MATCH = YES;
				"CODE_SIGN_IDENTITY[sdk=iphoneos*]" = "iPhone Developer";
				COPY_PHASE_STRIP = NO;
				DEBUG_INFORMATION_FORMAT = dwarf;
				ENABLE_STRICT_OBJC_MSGSEND = YES;
				ENABLE_TESTABILITY = YES;
				GCC_C_LANGUAGE_STANDARD = gnu99;
				GCC_DYNAMIC_NO_PIC = NO;
				GCC_NO_COMMON_BLOCKS = YES;
				GCC_OPTIMIZATION_LEVEL = 0;
				GCC_PREPROCESSOR_DEFINITIONS = (
					"DEBUG=1",
					"$(inherited)",
				);
				GCC_WARN_64_TO_32_BIT_CONVERSION = YES;
				GCC_WARN_ABOUT_RETURN_TYPE = YES_ERROR;
				GCC_WARN_UNDECLARED_SELECTOR = YES;
				GCC_WARN_UNINITIALIZED_AUTOS = YES_AGGRESSIVE;
				GCC_WARN_UNUSED_FUNCTION = YES;
				GCC_WARN_UNUSED_VARIABLE = YES;
				IPHONEOS_DEPLOYMENT_TARGET = 9.3;
				MTL_ENABLE_DEBUG_INFO = YES;
				ONLY_ACTIVE_ARCH = YES;
				SDKROOT = iphoneos;
				SWIFT_OPTIMIZATION_LEVEL = "-Onone";
				TARGETED_DEVICE_FAMILY = "1,2";
			};
			name = Debug;
		};
		91DE845F1CCD8619000C6032 /* Release */ = {
			isa = XCBuildConfiguration;
			buildSettings = {
				ALWAYS_SEARCH_USER_PATHS = NO;
				CLANG_ANALYZER_NONNULL = YES;
				CLANG_CXX_LANGUAGE_STANDARD = "gnu++0x";
				CLANG_CXX_LIBRARY = "libc++";
				CLANG_ENABLE_MODULES = YES;
				CLANG_ENABLE_OBJC_ARC = YES;
				CLANG_WARN_BOOL_CONVERSION = YES;
				CLANG_WARN_CONSTANT_CONVERSION = YES;
				CLANG_WARN_DIRECT_OBJC_ISA_USAGE = YES_ERROR;
				CLANG_WARN_EMPTY_BODY = YES;
				CLANG_WARN_ENUM_CONVERSION = YES;
				CLANG_WARN_INT_CONVERSION = YES;
				CLANG_WARN_OBJC_ROOT_CLASS = YES_ERROR;
				CLANG_WARN_UNREACHABLE_CODE = YES;
				CLANG_WARN__DUPLICATE_METHOD_MATCH = YES;
				"CODE_SIGN_IDENTITY[sdk=iphoneos*]" = "iPhone Developer";
				COPY_PHASE_STRIP = NO;
				DEBUG_INFORMATION_FORMAT = "dwarf-with-dsym";
				ENABLE_NS_ASSERTIONS = NO;
				ENABLE_STRICT_OBJC_MSGSEND = YES;
				GCC_C_LANGUAGE_STANDARD = gnu99;
				GCC_NO_COMMON_BLOCKS = YES;
				GCC_WARN_64_TO_32_BIT_CONVERSION = YES;
				GCC_WARN_ABOUT_RETURN_TYPE = YES_ERROR;
				GCC_WARN_UNDECLARED_SELECTOR = YES;
				GCC_WARN_UNINITIALIZED_AUTOS = YES_AGGRESSIVE;
				GCC_WARN_UNUSED_FUNCTION = YES;
				GCC_WARN_UNUSED_VARIABLE = YES;
				IPHONEOS_DEPLOYMENT_TARGET = 9.3;
				MTL_ENABLE_DEBUG_INFO = NO;
				SDKROOT = iphoneos;
				TARGETED_DEVICE_FAMILY = "1,2";
				VALIDATE_PRODUCT = YES;
			};
			name = Release;
		};
		91DE84611CCD8619000C6032 /* Debug */ = {
			isa = XCBuildConfiguration;
			buildSettings = {
				ASSETCATALOG_COMPILER_APPICON_NAME = AppIcon;
				INFOPLIST_FILE = Segues/Info.plist;
				LD_RUNPATH_SEARCH_PATHS = "$(inherited) @executable_path/Frameworks";
				PRODUCT_BUNDLE_IDENTIFIER = com.awesome.Segues;
				PRODUCT_NAME = "$(TARGET_NAME)";
			};
			name = Debug;
		};
		91DE84621CCD8619000C6032 /* Release */ = {
			isa = XCBuildConfiguration;
			buildSettings = {
				ASSETCATALOG_COMPILER_APPICON_NAME = AppIcon;
				INFOPLIST_FILE = Segues/Info.plist;
				LD_RUNPATH_SEARCH_PATHS = "$(inherited) @executable_path/Frameworks";
				PRODUCT_BUNDLE_IDENTIFIER = com.awesome.Segues;
				PRODUCT_NAME = "$(TARGET_NAME)";
			};
			name = Release;
		};
/* End XCBuildConfiguration section */

/* Begin XCConfigurationList section */
		91DE84491CCD8619000C6032 /* Build configuration list for PBXProject "Segues" */ = {
			isa = XCConfigurationList;
			buildConfigurations = (
				91DE845E1CCD8619000C6032 /* Debug */,
				91DE845F1CCD8619000C6032 /* Release */,
			);
			defaultConfigurationIsVisible = 0;
			defaultConfigurationName = Release;
		};
		91DE84601CCD8619000C6032 /* Build configuration list for PBXNativeTarget "Segues" */ = {
			isa = XCConfigurationList;
			buildConfigurations = (
				91DE84611CCD8619000C6032 /* Debug */,
				91DE84621CCD8619000C6032 /* Release */,
			);
			defaultConfigurationIsVisible = 0;
		};
/* End XCConfigurationList section */
	};
	rootObject = 91DE84461CCD8619000C6032 /* Project object */;
}
